
Microsoft Visual Studio Solution File, Format Version 12.00
# Visual Studio 2013
VisualStudioVersion = 12.0.21005.1
MinimumVisualStudioVersion = 10.0.40219.1
Project("{FAE04EC0-301F-11D3-BF4B-00C04F79EFBC}") = "AppUI", "Application\AppUI.csproj", "{E462DD21-AAF5-40D4-9DAD-B55C6F82F7BF}"
EndProject
Project("{FAE04EC0-301F-11D3-BF4B-00C04F79EFBC}") = "Preprocessing", "Preprocessing\Preprocessing.csproj", "{5016C934-589C-4858-83D0-9CC9ECCB3A69}"
EndProject
Project("{FAE04EC0-301F-11D3-BF4B-00C04F79EFBC}") = "Clustering", "Clustering\Clustering.csproj", "{E66C4E02-632E-45D1-A82B-E044DDBD7FCA}"
EndProject
Project("{FAE04EC0-301F-11D3-BF4B-00C04F79EFBC}") = "Domain", "Domain\Domain.csproj", "{AA9A8CDB-7E47-4F71-AB85-F2322922F2E5}"
EndProject
Global
	GlobalSection(SolutionConfigurationPlatforms) = preSolution
		Debug|Any CPU = Debug|Any CPU
		Release|Any CPU = Release|Any CPU
	EndGlobalSection
	GlobalSection(ProjectConfigurationPlatforms) = postSolution
		{E462DD21-AAF5-40D4-9DAD-B55C6F82F7BF}.Debug|Any CPU.ActiveCfg = Debug|Any CPU
		{E462DD21-AAF5-40D4-9DAD-B55C6F82F7BF}.Debug|Any CPU.Build.0 = Debug|Any CPU
		{E462DD21-AAF5-40D4-9DAD-B55C6F82F7BF}.Release|Any CPU.ActiveCfg = Release|Any CPU
		{E462DD21-AAF5-40D4-9DAD-B55C6F82F7BF}.Release|Any CPU.Build.0 = Release|Any CPU
		{5016C934-589C-4858-83D0-9CC9ECCB3A69}.Debug|Any CPU.ActiveCfg = Debug|Any CPU
		{5016C934-589C-4858-83D0-9CC9ECCB3A69}.Debug|Any CPU.Build.0 = Debug|Any CPU
		{5016C934-589C-4858-83D0-9CC9ECCB3A69}.Release|Any CPU.ActiveCfg = Release|Any CPU
		{5016C934-589C-4858-83D0-9CC9ECCB3A69}.Release|Any CPU.Build.0 = Release|Any CPU
		{E66C4E02-632E-45D1-A82B-E044DDBD7FCA}.Debug|Any CPU.ActiveCfg = Debug|Any CPU
		{E66C4E02-632E-45D1-A82B-E044DDBD7FCA}.Debug|Any CPU.Build.0 = Debug|Any CPU
		{E66C4E02-632E-45D1-A82B-E044DDBD7FCA}.Release|Any CPU.ActiveCfg = Release|Any CPU
		{E66C4E02-632E-45D1-A82B-E044DDBD7FCA}.Release|Any CPU.Build.0 = Release|Any CPU
		{AA9A8CDB-7E47-4F71-AB85-F2322922F2E5}.Debug|Any CPU.ActiveCfg = Debug|Any CPU
		{AA9A8CDB-7E47-4F71-AB85-F2322922F2E5}.Debug|Any CPU.Build.0 = Debug|Any CPU
		{AA9A8CDB-7E47-4F71-AB85-F2322922F2E5}.Release|Any CPU.ActiveCfg = Release|Any CPU
		{AA9A8CDB-7E47-4F71-AB85-F2322922F2E5}.Release|Any CPU.Build.0 = Release|Any CPU
	EndGlobalSection
	GlobalSection(SolutionProperties) = preSolution
		HideSolutionNode = FALSE
	EndGlobalSection
EndGlobal
